
Microsoft Visual Studio Solution File, Format Version 12.00
# Visual Studio 14
VisualStudioVersion = 14.0.25420.1
MinimumVisualStudioVersion = 10.0.40219.1
Project("{FAE04EC0-301F-11D3-BF4B-00C04F79EFBC}") = "CalculatorContract", "CalculatorContract\CalculatorContract.csproj", "{A79AB462-9336-40E5-AC90-F1AC03972892}"
EndProject
Project("{FAE04EC0-301F-11D3-BF4B-00C04F79EFBC}") = "CalculatorUI", "CalculatorUI\CalculatorUI.csproj", "{37EA0C18-3E58-4729-9159-C7A91566F420}"
EndProject
Project("{FAE04EC0-301F-11D3-BF4B-00C04F79EFBC}") = "CompositionHelper", "CompositionHelper\CompositionHelper.csproj", "{33014033-4B0C-4CA7-904C-0F5A3D90BCBB}"
EndProject
Global
	GlobalSection(SolutionConfigurationPlatforms) = preSolution
		Debug|Any CPU = Debug|Any CPU
		Release|Any CPU = Release|Any CPU
	EndGlobalSection
	GlobalSection(ProjectConfigurationPlatforms) = postSolution
		{A79AB462-9336-40E5-AC90-F1AC03972892}.Debug|Any CPU.ActiveCfg = Debug|Any CPU
		{A79AB462-9336-40E5-AC90-F1AC03972892}.Debug|Any CPU.Build.0 = Debug|Any CPU
		{A79AB462-9336-40E5-AC90-F1AC03972892}.Release|Any CPU.ActiveCfg = Release|Any CPU
		{A79AB462-9336-40E5-AC90-F1AC03972892}.Release|Any CPU.Build.0 = Release|Any CPU
		{37EA0C18-3E58-4729-9159-C7A91566F420}.Debug|Any CPU.ActiveCfg = Debug|Any CPU
		{37EA0C18-3E58-4729-9159-C7A91566F420}.Debug|Any CPU.Build.0 = Debug|Any CPU
		{37EA0C18-3E58-4729-9159-C7A91566F420}.Release|Any CPU.ActiveCfg = Release|Any CPU
		{37EA0C18-3E58-4729-9159-C7A91566F420}.Release|Any CPU.Build.0 = Release|Any CPU
		{33014033-4B0C-4CA7-904C-0F5A3D90BCBB}.Debug|Any CPU.ActiveCfg = Debug|Any CPU
		{33014033-4B0C-4CA7-904C-0F5A3D90BCBB}.Debug|Any CPU.Build.0 = Debug|Any CPU
		{33014033-4B0C-4CA7-904C-0F5A3D90BCBB}.Release|Any CPU.ActiveCfg = Release|Any CPU
		{33014033-4B0C-4CA7-904C-0F5A3D90BCBB}.Release|Any CPU.Build.0 = Release|Any CPU
	EndGlobalSection
	GlobalSection(SolutionProperties) = preSolution
		HideSolutionNode = FALSE
	EndGlobalSection
EndGlobal
